{
  "name": "ssb-phidget",
  "version": "1.0.0",
  "lockfileVersion": 1,
  "requires": true,
  "dependencies": {
    "btoa": {
      "version": "1.2.1",
      "resolved": "https://registry.npmjs.org/btoa/-/btoa-1.2.1.tgz",
      "integrity": "sha512-SB4/MIGlsiVkMcHmT+pSmIPoNDoHg+7cMzmt3Uxt628MTz2487DKSqK/fuhFBrkuqrYv5UCEnACpF4dTFNKc/g=="
    },
    "phidget22": {
      "version": "2.0.7",
      "resolved": "https://registry.npmjs.org/phidget22/-/phidget22-2.0.7.tgz",
      "integrity": "sha1-gamY8T6DUvo4KCZ6b+TvJ3EDqWE=",
      "requires": {
        "btoa": "1.2.1"
      }
    },
    "pull-defer": {
      "version": "0.2.2",
      "resolved": "https://registry.npmjs.org/pull-defer/-/pull-defer-0.2.2.tgz",
      "integrity": "sha1-CIew/7MK8ypW2+z6csFnInHwexM="
    }
  }
}
